<?xml version="1.0" encoding="utf-8"?>
<Project ToolsVersion="4.0" xmlns="http://schemas.microsoft.com/developer/msbuild/2003">
  <ItemGroup>
    <Filter Include="源文件">
      <UniqueIdentifier>{4FC737F1-C7A5-4376-A066-2A32D752A2FF}</UniqueIdentifier>
      <Extensions>cpp;c;cc;cxx;def;odl;idl;hpj;bat;asm;asmx</Extensions>
    </Filter>
    <Filter Include="头文件">
      <UniqueIdentifier>{93995380-89BD-4b04-88EB-625FBE52EBFB}</UniqueIdentifier>
      <Extensions>h;hpp;hxx;hm;inl;inc;xsd</Extensions>
    </Filter>
    <Filter Include="资源文件">
      <UniqueIdentifier>{67DA6AB6-F800-4c08-8B7A-83BB121AAD01}</UniqueIdentifier>
      <Extensions>rc;ico;cur;bmp;dlg;rc2;rct;bin;rgs;gif;jpg;jpeg;jpe;resx;tiff;tif;png;wav;mfcribbon-ms</Extensions>
    </Filter>
    <Filter Include="源文件\Dialog">
      <UniqueIdentifier>{0ac979dd-ba81-46c1-a27e-00e79d2fa410}</UniqueIdentifier>
    </Filter>
    <Filter Include="源文件\IBClient">
      <UniqueIdentifier>{df940cef-7d00-491b-983a-09eacd70d197}</UniqueIdentifier>
    </Filter>
    <Filter Include="源文件\IBInterface">
      <UniqueIdentifier>{6460b270-3695-4aa5-a7ca-784aeaf4c242}</UniqueIdentifier>
    </Filter>
    <Filter Include="源文件\HiStar">
      <UniqueIdentifier>{a6a18a21-45e2-47c3-a79f-8a17504e40a8}</UniqueIdentifier>
    </Filter>
    <Filter Include="源文件\MdSpi">
      <UniqueIdentifier>{e20f8ced-2f1b-42c8-8a4b-e737c09c63cc}</UniqueIdentifier>
    </Filter>
    <Filter Include="源文件\TraderSpi">
      <UniqueIdentifier>{e9552b64-ea19-42c3-b076-a7754e3cedb8}</UniqueIdentifier>
    </Filter>
    <Filter Include="源文件\CtpClient">
      <UniqueIdentifier>{1a00f2fb-ac6e-42e3-9e9e-248eb84411f9}</UniqueIdentifier>
    </Filter>
    <Filter Include="源文件\Index">
      <UniqueIdentifier>{4aa29d93-8311-4ff1-b41a-930b1fa72d0e}</UniqueIdentifier>
    </Filter>
    <Filter Include="源文件\calendar">
      <UniqueIdentifier>{3abaa00f-b2ab-47a6-bcff-24f95d4a0dd2}</UniqueIdentifier>
    </Filter>
    <Filter Include="源文件\Hedge">
      <UniqueIdentifier>{e997c0d2-5792-4207-99d7-ae2f809957ab}</UniqueIdentifier>
    </Filter>
    <Filter Include="源文件\MXHQ">
      <UniqueIdentifier>{561ff03c-fe20-472e-a2b5-3eda3e8693d0}</UniqueIdentifier>
    </Filter>
    <Filter Include="源文件\CButtonST">
      <UniqueIdentifier>{0d558ef9-a718-4a4c-a797-fa4d5d8b03a3}</UniqueIdentifier>
    </Filter>
  </ItemGroup>
  <ItemGroup>
    <None Include="ReadMe.txt" />
    <None Include="res\HiStar.rc2">
      <Filter>资源文件</Filter>
    </None>
    <None Include="res\HiStar.ico">
      <Filter>资源文件</Filter>
    </None>
    <None Include="..\CButtonST\res\Cancel1_32x32x16.ico">
      <Filter>资源文件</Filter>
    </None>
    <None Include="..\CButtonST\res\Cancel4_32x32x2.ico">
      <Filter>资源文件</Filter>
    </None>
    <None Include="..\CButtonST\res\EOapp.ico">
      <Filter>资源文件</Filter>
    </None>
    <None Include="..\CButtonST\res\Halloween1.ico">
      <Filter>资源文件</Filter>
    </None>
    <None Include="..\CButtonST\res\Halloween2.ico">
      <Filter>资源文件</Filter>
    </None>
    <None Include="..\CButtonST\res\Key manager.ico">
      <Filter>资源文件</Filter>
    </None>
    <None Include="..\CButtonST\res\Sound.ico">
      <Filter>资源文件</Filter>
    </None>
    <None Include="..\CButtonST\res\Lamp1.ico">
      <Filter>资源文件</Filter>
    </None>
    <None Include="..\CButtonST\res\Winzip1.ico">
      <Filter>资源文件</Filter>
    </None>
    <None Include="..\CButtonST\res\Winzip2.ico">
      <Filter>资源文件</Filter>
    </None>
    <None Include="..\CButtonST\res\JPEG Image.ico">
      <Filter>资源文件</Filter>
    </None>
    <None Include="..\CButtonST\res\Baloon.ico">
      <Filter>资源文件</Filter>
    </None>
    <None Include="..\CButtonST\res\CDRom.ico">
      <Filter>资源文件</Filter>
    </None>
    <None Include="..\CButtonST\res\Search1.ico">
      <Filter>资源文件</Filter>
    </None>
    <None Include="..\CButtonST\res\Workgroup.ico">
      <Filter>资源文件</Filter>
    </None>
    <None Include="..\CButtonST\res\LogOff.ico">
      <Filter>资源文件</Filter>
    </None>
    <None Include="..\CButtonST\res\Open.ico">
      <Filter>资源文件</Filter>
    </None>
    <None Include="..\CButtonST\res\Help.ico">
      <Filter>资源文件</Filter>
    </None>
    <None Include="..\CButtonST\res\Explorer.ico">
      <Filter>资源文件</Filter>
    </None>
    <None Include="..\CButtonST\res\About.ico">
      <Filter>资源文件</Filter>
    </None>
    <None Include="..\CButtonST\res\LedOn.ico">
      <Filter>资源文件</Filter>
    </None>
    <None Include="..\CButtonST\res\LedOff.ico">
      <Filter>资源文件</Filter>
    </None>
    <None Include="..\CButtonST\res\Web2.ico">
      <Filter>资源文件</Filter>
    </None>
    <None Include="..\CButtonST\res\Tools4.ico">
      <Filter>资源文件</Filter>
    </None>
    <None Include="..\CButtonST\res\Run.ico">
      <Filter>资源文件</Filter>
    </None>
    <None Include="..\CButtonST\res\Ok3_32x32x256.ico">
      <Filter>资源文件</Filter>
    </None>
    <None Include="..\CButtonST\res\Cancel3_32x32x256.ico">
      <Filter>资源文件</Filter>
    </None>
    <None Include="..\CButtonST\res\IEDocument_48x48x256.ico">
      <Filter>资源文件</Filter>
    </None>
    <None Include="..\CButtonST\res\Help2_32x32x256.ico">
      <Filter>资源文件</Filter>
    </None>
    <None Include="..\CButtonST\res\Razor_32x32x256.ico">
      <Filter>资源文件</Filter>
    </None>
    <None Include="..\CButtonST\res\Classes1_32x32x16.ico">
      <Filter>资源文件</Filter>
    </None>
    <None Include="..\CButtonST\res\No3_32x32x256.ico">
      <Filter>资源文件</Filter>
    </None>
    <None Include="..\CButtonST\res\Right6_32x32x256.ico">
      <Filter>资源文件</Filter>
    </None>
    <None Include="..\CButtonST\res\Left6_32x32x256.ico">
      <Filter>资源文件</Filter>
    </None>
    <None Include="res\Cancel1_32x32x16.ico">
      <Filter>资源文件</Filter>
    </None>
    <None Include="res\Cancel4_32x32x2.ico">
      <Filter>资源文件</Filter>
    </None>
    <None Include="res\EOapp.ico">
      <Filter>资源文件</Filter>
    </None>
    <None Include="res\Halloween1.ico">
      <Filter>资源文件</Filter>
    </None>
    <None Include="res\Halloween2.ico">
      <Filter>资源文件</Filter>
    </None>
    <None Include="res\Key manager.ico">
      <Filter>资源文件</Filter>
    </None>
    <None Include="res\Sound.ico">
      <Filter>资源文件</Filter>
    </None>
    <None Include="res\Lamp1.ico">
      <Filter>资源文件</Filter>
    </None>
    <None Include="res\Winzip1.ico">
      <Filter>资源文件</Filter>
    </None>
    <None Include="res\Winzip2.ico">
      <Filter>资源文件</Filter>
    </None>
    <None Include="res\JPEG Image.ico">
      <Filter>资源文件</Filter>
    </None>
    <None Include="res\Baloon.ico">
      <Filter>资源文件</Filter>
    </None>
    <None Include="res\CDRom.ico">
      <Filter>资源文件</Filter>
    </None>
    <None Include="res\Search1.ico">
      <Filter>资源文件</Filter>
    </None>
    <None Include="res\Workgroup.ico">
      <Filter>资源文件</Filter>
    </None>
    <None Include="res\LogOff.ico">
      <Filter>资源文件</Filter>
    </None>
    <None Include="res\Open.ico">
      <Filter>资源文件</Filter>
    </None>
    <None Include="res\Help.ico">
      <Filter>资源文件</Filter>
    </None>
    <None Include="res\Explorer.ico">
      <Filter>资源文件</Filter>
    </None>
    <None Include="res\About.ico">
      <Filter>资源文件</Filter>
    </None>
    <None Include="res\LedOn.ico">
      <Filter>资源文件</Filter>
    </None>
    <None Include="res\LedOff.ico">
      <Filter>资源文件</Filter>
    </None>
    <None Include="res\Web2.ico">
      <Filter>资源文件</Filter>
    </None>
    <None Include="res\Tools4.ico">
      <Filter>资源文件</Filter>
    </None>
    <None Include="res\Run.ico">
      <Filter>资源文件</Filter>
    </None>
    <None Include="res\Ok3_32x32x256.ico">
      <Filter>资源文件</Filter>
    </None>
    <None Include="res\Cancel3_32x32x256.ico">
      <Filter>资源文件</Filter>
    </None>
    <None Include="res\IEDocument_48x48x256.ico">
      <Filter>资源文件</Filter>
    </None>
    <None Include="res\Help2_32x32x256.ico">
      <Filter>资源文件</Filter>
    </None>
    <None Include="res\Razor_32x32x256.ico">
      <Filter>资源文件</Filter>
    </None>
    <None Include="res\Classes1_32x32x16.ico">
      <Filter>资源文件</Filter>
    </None>
    <None Include="res\No3_32x32x256.ico">
      <Filter>资源文件</Filter>
    </None>
    <None Include="res\Right6_32x32x256.ico">
      <Filter>资源文件</Filter>
    </None>
    <None Include="res\Left6_32x32x256.ico">
      <Filter>资源文件</Filter>
    </None>
  </ItemGroup>
  <ItemGroup>
    <ClInclude Include="HiStar.h">
      <Filter>头文件</Filter>
    </ClInclude>
    <ClInclude Include="stdafx.h">
      <Filter>头文件</Filter>
    </ClInclude>
    <ClInclude Include="targetver.h">
      <Filter>头文件</Filter>
    </ClInclude>
    <ClInclude Include="Resource.h">
      <Filter>头文件</Filter>
    </ClInclude>
    <ClInclude Include="global.h">
      <Filter>头文件</Filter>
    </ClInclude>
    <ClInclude Include="MainDlg.h">
      <Filter>头文件</Filter>
    </ClInclude>
    <ClInclude Include="AccountPage.h">
      <Filter>头文件</Filter>
    </ClInclude>
    <ClInclude Include="UserMsg.h">
      <Filter>头文件</Filter>
    </ClInclude>
    <ClInclude Include="..\CppClient\Shared\TwsSocketClientErrors.h">
      <Filter>头文件</Filter>
    </ClInclude>
    <ClInclude Include="..\THostFtdc\ThostFtdcMdApi.h">
      <Filter>头文件</Filter>
    </ClInclude>
    <ClInclude Include="..\THostFtdc\ThostFtdcTraderApi.h">
      <Filter>头文件</Filter>
    </ClInclude>
    <ClInclude Include="..\THostFtdc\ThostFtdcUserApiDataType.h">
      <Filter>头文件</Filter>
    </ClInclude>
    <ClInclude Include="..\THostFtdc\ThostFtdcUserApiStruct.h">
      <Filter>头文件</Filter>
    </ClInclude>
    <ClInclude Include="StatusPage.h">
      <Filter>头文件</Filter>
    </ClInclude>
    <ClInclude Include="BasicPage.h">
      <Filter>头文件</Filter>
    </ClInclude>
    <ClInclude Include="..\calendar\calendar.h">
      <Filter>头文件</Filter>
    </ClInclude>
    <ClInclude Include="..\Hedge\HedgeLoop.h">
      <Filter>头文件</Filter>
    </ClInclude>
    <ClInclude Include="..\Index\Index.h">
      <Filter>头文件</Filter>
    </ClInclude>
    <ClInclude Include="ibaccount.h">
      <Filter>头文件</Filter>
    </ClInclude>
    <ClInclude Include="DemoDlg.h">
      <Filter>头文件</Filter>
    </ClInclude>
  </ItemGroup>
  <ItemGroup>
    <ClCompile Include="..\CppClient\src\EClientSocket.cpp">
      <Filter>源文件\IBClient</Filter>
    </ClCompile>
    <ClCompile Include="..\CppClient\src\EClientSocketBase.cpp">
      <Filter>源文件\IBClient</Filter>
    </ClCompile>
    <ClCompile Include="..\IBInterface\IBInterface.cpp">
      <Filter>源文件\IBInterface</Filter>
    </ClCompile>
    <ClCompile Include="..\CppClient\Shared\HScrollListBox.cpp">
      <Filter>源文件\IBClient</Filter>
    </ClCompile>
    <ClCompile Include="AccountPage.cpp">
      <Filter>源文件\Dialog</Filter>
    </ClCompile>
    <ClCompile Include="IBOpera.cpp">
      <Filter>源文件\IBInterface</Filter>
    </ClCompile>
    <ClCompile Include="MainDlg.cpp">
      <Filter>源文件\Dialog</Filter>
    </ClCompile>
    <ClCompile Include="HiStar.cpp">
      <Filter>源文件\HiStar</Filter>
    </ClCompile>
    <ClCompile Include="..\MdSpi\mdspi.cpp">
      <Filter>源文件\MdSpi</Filter>
    </ClCompile>
    <ClCompile Include="..\TraderSpi\traderspi.cpp">
      <Filter>源文件\TraderSpi</Filter>
    </ClCompile>
    <ClCompile Include="CtpOpera.cpp">
      <Filter>源文件\CtpClient</Filter>
    </ClCompile>
    <ClCompile Include="..\DIYCtrl\ColorStatic.cpp">
      <Filter>源文件\Dialog</Filter>
    </ClCompile>
    <ClCompile Include="..\DIYCtrl\ColorListCtrl.cpp">
      <Filter>源文件\Dialog</Filter>
    </ClCompile>
    <ClCompile Include="CVector.h">
      <Filter>头文件</Filter>
    </ClCompile>
    <ClCompile Include="StatusPage.cpp">
      <Filter>源文件\Dialog</Filter>
    </ClCompile>
    <ClCompile Include="BasicPage.cpp">
      <Filter>源文件\Dialog</Filter>
    </ClCompile>
    <ClCompile Include="..\Index\Index.cpp">
      <Filter>源文件\Index</Filter>
    </ClCompile>
    <ClCompile Include="..\calendar\calendar.cpp">
      <Filter>源文件\calendar</Filter>
    </ClCompile>
    <ClCompile Include="..\Hedge\HedgePostProcessing.cpp">
      <Filter>源文件\Hedge</Filter>
    </ClCompile>
    <ClCompile Include="..\MSHQ\MSHQ.cpp">
      <Filter>源文件\MXHQ</Filter>
    </ClCompile>
    <ClCompile Include="..\Index\UpdateIndex.cpp">
      <Filter>源文件\Index</Filter>
    </ClCompile>
    <ClCompile Include="..\CButtonST\BackgroundUtil.cpp">
      <Filter>源文件\CButtonST</Filter>
    </ClCompile>
    <ClCompile Include="..\CButtonST\BCMenu.cpp">
      <Filter>源文件\CButtonST</Filter>
    </ClCompile>
    <ClCompile Include="..\CButtonST\BkDialog.cpp">
      <Filter>源文件\CButtonST</Filter>
    </ClCompile>
    <ClCompile Include="..\CButtonST\BtnST.cpp">
      <Filter>源文件\CButtonST</Filter>
    </ClCompile>
    <ClCompile Include="..\CButtonST\CButtonST_Demo.cpp">
      <Filter>源文件\CButtonST</Filter>
    </ClCompile>
    <ClCompile Include="..\CButtonST\CButtonST_DemoDlg.cpp">
      <Filter>源文件\CButtonST</Filter>
    </ClCompile>
    <ClCompile Include="..\CButtonST\CeXDib.cpp">
      <Filter>源文件\CButtonST</Filter>
    </ClCompile>
    <ClCompile Include="..\CButtonST\DlgAbout.cpp">
      <Filter>源文件\CButtonST</Filter>
    </ClCompile>
    <ClCompile Include="..\CButtonST\DlgAdvanced.cpp">
      <Filter>源文件\CButtonST</Filter>
    </ClCompile>
    <ClCompile Include="..\CButtonST\DlgBasic.cpp">
      <Filter>源文件\CButtonST</Filter>
    </ClCompile>
    <ClCompile Include="..\CButtonST\DlgShadeButtonST.cpp">
      <Filter>源文件\CButtonST</Filter>
    </ClCompile>
    <ClCompile Include="..\CButtonST\DlgTransparent.cpp">
      <Filter>源文件\CButtonST</Filter>
    </ClCompile>
    <ClCompile Include="..\CButtonST\HyperLink.cpp">
      <Filter>源文件\CButtonST</Filter>
    </ClCompile>
    <ClCompile Include="..\CButtonST\MyTabCtrl.cpp">
      <Filter>源文件\CButtonST</Filter>
    </ClCompile>
    <ClCompile Include="..\CButtonST\ShadeButtonST.cpp">
      <Filter>源文件\CButtonST</Filter>
    </ClCompile>
    <ClCompile Include="..\CButtonST\WinXPButtonST.cpp">
      <Filter>源文件\CButtonST</Filter>
    </ClCompile>
    <ClCompile Include="stdafx.cpp">
      <Filter>源文件\HiStar</Filter>
    </ClCompile>
    <ClCompile Include="DemoDlg.cpp">
      <Filter>源文件</Filter>
    </ClCompile>
  </ItemGroup>
  <ItemGroup>
    <ResourceCompile Include="HiStar.rc">
      <Filter>资源文件</Filter>
    </ResourceCompile>
  </ItemGroup>
  <ItemGroup>
    <Library Include="..\mysql-5.7.3-m13-win32\lib\libmysql.lib">
      <Filter>资源文件</Filter>
    </Library>
  </ItemGroup>
</Project>